# .github/workflows/update-lockfile.yml
name: Update lock file
on: workflow_dispatch

jobs:
  update:
    runs-on: ubuntu-latest
    steps:
      - uses: actions/checkout@v4
      - uses: actions/setup-node@v4
        with:
          node-version: 20
      - name: Aggiorna package-lock.json
        working-directory: backend
        run: |
          npm install
      - name: Commit lock file aggiornato
        run: |
          git config user.name "github-actions"
          git config user.email "github-actions@github.com"
          git add backend/package-lock.json
          git commit -m "chore: aggiorna package-lock.json per better-sqlite3@9.6.0"
          git push